# THIS IS AN AUTOGENERATED FILE. DO NOT EDIT THIS FILE DIRECTLY.
# yarn lockfile v1


"@chevrotain/cst-dts-gen@11.0.3":
  version "11.0.3"
  resolved "https://registry.npmjs.org/@chevrotain/cst-dts-gen/-/cst-dts-gen-11.0.3.tgz"
  integrity sha512-BvIKpRLeS/8UbfxXxgC33xOumsacaeCKAjAeLyOn7Pcp95HiRbrpl14S+9vaZLolnbssPIUuiUd8IvgkRyt6NQ==
  dependencies:
    "@chevrotain/gast" "11.0.3"
    "@chevrotain/types" "11.0.3"
    lodash-es "4.17.21"

"@chevrotain/gast@11.0.3":
  version "11.0.3"
  resolved "https://registry.npmjs.org/@chevrotain/gast/-/gast-11.0.3.tgz"
  integrity sha512-+qNfcoNk70PyS/uxmj3li5NiECO+2YKZZQMbmjTqRI3Qchu8Hig/Q9vgkHpI3alNjr7M+a2St5pw5w5F6NL5/Q==
  dependencies:
    "@chevrotain/types" "11.0.3"
    lodash-es "4.17.21"

"@chevrotain/regexp-to-ast@11.0.3":
  version "11.0.3"
  resolved "https://registry.npmjs.org/@chevrotain/regexp-to-ast/-/regexp-to-ast-11.0.3.tgz"
  integrity sha512-1fMHaBZxLFvWI067AVbGJav1eRY7N8DDvYCTwGBiE/ytKBgP8azTdgyrKyWZ9Mfh09eHWb5PgTSO8wi7U824RA==

"@chevrotain/types@11.0.3":
  version "11.0.3"
  resolved "https://registry.npmjs.org/@chevrotain/types/-/types-11.0.3.tgz"
  integrity sha512-gsiM3G8b58kZC2HaWR50gu6Y1440cHiJ+i3JUvcp/35JchYejb2+5MVeJK0iKThYpAa/P2PYFV4hoi44HD+aHQ==

"@chevrotain/utils@11.0.3":
  version "11.0.3"
  resolved "https://registry.npmjs.org/@chevrotain/utils/-/utils-11.0.3.tgz"
  integrity sha512-YslZMgtJUyuMbZ+aKvfF3x1f5liK4mWNxghFRv7jqRR9C3R3fAOGTTKvxXDa2Y1s9zSbcpuO0cAxDYsc9SrXoQ==

"@prettier/plugin-xml@^3.4.1":
  version "3.4.1"
  resolved "https://registry.yarnpkg.com/@prettier/plugin-xml/-/plugin-xml-3.4.1.tgz#6c3be1184871a983d08c9f81c8a8796f62a19568"
  integrity sha512-Uf/6/+9ez6z/IvZErgobZ2G9n1ybxF5BhCd7eMcKqfoWuOzzNUxBipNo3QAP8kRC1VD18TIo84no7LhqtyDcTg==
  dependencies:
    "@xml-tools/parser" "^1.0.11"

"@xml-tools/parser@^1.0.11":
  version "1.0.11"
  resolved "https://registry.yarnpkg.com/@xml-tools/parser/-/parser-1.0.11.tgz#a118a14099ea5c3c537e4781fad2fc195b57f8ff"
  integrity sha512-aKqQ077XnR+oQtHJlrAflaZaL7qZsulWc/i/ZEooar5JiWj1eLt0+Wg28cpa+XLney107wXqneC+oG1IZvxkTA==
  dependencies:
    chevrotain "7.1.1"

chevrotain-allstar@0.3.1:
  version "0.3.1"
  resolved "https://registry.npmjs.org/chevrotain-allstar/-/chevrotain-allstar-0.3.1.tgz"
  integrity sha512-b7g+y9A0v4mxCW1qUhf3BSVPg+/NvGErk/dOkrDaHA0nQIQGAtrOjlX//9OQtRlSCy+x9rfB5N8yC71lH1nvMw==
  dependencies:
    lodash-es "^4.17.21"

chevrotain@11.0.3:
  version "11.0.3"
  resolved "https://registry.npmjs.org/chevrotain/-/chevrotain-11.0.3.tgz"
  integrity sha512-ci2iJH6LeIkvP9eJW6gpueU8cnZhv85ELY8w8WiFtNjMHA5ad6pQLaJo9mEly/9qUyCpvqX8/POVUTf18/HFdw==
  dependencies:
    "@chevrotain/cst-dts-gen" "11.0.3"
    "@chevrotain/gast" "11.0.3"
    "@chevrotain/regexp-to-ast" "11.0.3"
    "@chevrotain/types" "11.0.3"
    "@chevrotain/utils" "11.0.3"
    lodash-es "4.17.21"

chevrotain@7.1.1:
  version "7.1.1"
  resolved "https://registry.yarnpkg.com/chevrotain/-/chevrotain-7.1.1.tgz#5122814eafd1585a9601f9180a7be9c42d5699c6"
  integrity sha512-wy3mC1x4ye+O+QkEinVJkPf5u2vsrDIYW9G7ZuwFl6v/Yu0LwUuT2POsb+NUWApebyxfkQq6+yDfRExbnI5rcw==
  dependencies:
    regexp-to-ast "0.5.0"

java-parser@2.3.2:
  version "2.3.2"
  resolved "https://registry.npmjs.org/java-parser/-/java-parser-2.3.2.tgz"
  integrity sha512-/O42UbEHy3VVJw8W0ruHkQjW75oWvQx4QisoUDRIGir6q3/IZ4JslDMPMYEqp7LU56PYJkH5uXdQiBaCXt/Opw==
  dependencies:
    chevrotain "11.0.3"
    chevrotain-allstar "0.3.1"
    lodash "4.17.21"

lodash-es@4.17.21, lodash-es@^4.17.21:
  version "4.17.21"
  resolved "https://registry.npmjs.org/lodash-es/-/lodash-es-4.17.21.tgz"
  integrity sha512-mKnC+QJ9pWVzv+C4/U3rRsHapFfHvQFoFB92e52xeyGMcX6/OlIl78je1u8vePzYZSkkogMPJ2yjxxsb89cxyw==

lodash@4.17.21:
  version "4.17.21"
  resolved "https://registry.npmjs.org/lodash/-/lodash-4.17.21.tgz"
  integrity sha512-v2kDEe57lecTulaDIuNTPy3Ry4gLGJ6Z1O3vE1krgXZNrsQ+LFTGHVxVjcXPs17LhbZVGedAJv8XZ1tvj5FvSg==

prettier-plugin-java@^2.6.4:
  version "2.6.4"
  resolved "https://registry.npmjs.org/prettier-plugin-java/-/prettier-plugin-java-2.6.4.tgz"
  integrity sha512-57iGIFM4xSCqzHc4G6RLeC0DJk+i6Vd1JDj5xcIe7GsWZjRSl8WWkpL0f4BB0gZ+jDZ8R1uJaxtnMgnRtzjLDQ==
  dependencies:
    java-parser "2.3.2"
    lodash "4.17.21"
    prettier "3.2.5"

prettier@3.2.5:
  version "3.2.5"
  resolved "https://registry.npmjs.org/prettier/-/prettier-3.2.5.tgz"
  integrity sha512-3/GWa9aOC0YeD7LUfvOG2NiDyhOWRvt1k+rcKhOuYnMY24iiCphgneUfJDyFXd6rZCAnuLBv6UeAULtrhT/F4A==

prettier@^3.3.2:
  version "3.3.2"
  resolved "https://registry.npmjs.org/prettier/-/prettier-3.3.2.tgz"
  integrity sha512-rAVeHYMcv8ATV5d508CFdn+8/pHPpXeIid1DdrPwXnaAdH7cqjVbpJaT5eq4yRAFU/lsbwYwSF/n5iNrdJHPQA==

regexp-to-ast@0.5.0:
  version "0.5.0"
  resolved "https://registry.yarnpkg.com/regexp-to-ast/-/regexp-to-ast-0.5.0.tgz#56c73856bee5e1fef7f73a00f1473452ab712a24"
  integrity sha512-tlbJqcMHnPKI9zSrystikWKwHkBqu2a/Sgw01h3zFjvYrMxEDYHzzoMZnUrbIfpTFEsoRnnviOXNCzFiSc54Qw==
